// !$*UTF8*$!
{
	archiveVersion = 1;
	classes = {
	};
	objectVersion = 46;
	objects = {

/* Begin PBXBuildFile section */
		69526AB619B3FAF40031B2C1 /* main.swift in Sources */ = {isa = PBXBuildFile; fileRef = 69526AB519B3FAF40031B2C1 /* main.swift */; };
		69526ABD19B3FB8D0031B2C1 /* CarFactory.swift in Sources */ = {isa = PBXBuildFile; fileRef = 69526ABC19B3FB8D0031B2C1 /* CarFactory.swift */; };
/* End PBXBuildFile section */

/* Begin PBXCopyFilesBuildPhase section */
		69526AB019B3FAF40031B2C1 /* CopyFiles */ = {
			isa = PBXCopyFilesBuildPhase;
			buildActionMask = 2147483647;
			dstPath = /usr/share/man/man1/;
			dstSubfolderSpec = 0;
			files = (
			);
			runOnlyForDeploymentPostprocessing = 1;
		};
/* End PBXCopyFilesBuildPhase section */

/* Begin PBXFileReference section */
		69526AB219B3FAF40031B2C1 /* Unit 2 X Code test */ = {isa = PBXFileReference; explicitFileType = "compiled.mach-o.executable"; includeInIndex = 0; path = "Unit 2 X Code test"; sourceTree = BUILT_PRODUCTS_DIR; };
		69526AB519B3FAF40031B2C1 /* main.swift */ = {isa = PBXFileReference; lastKnownFileType = sourcecode.swift; path = main.swift; sourceTree = "<group>"; };
		69526ABC19B3FB8D0031B2C1 /* CarFactory.swift */ = {isa = PBXFileReference; fileEncoding = 4; lastKnownFileType = sourcecode.swift; path = CarFactory.swift; sourceTree = "<group>"; };
/* End PBXFileReference section */

/* Begin PBXFrameworksBuildPhase section */
		69526AAF19B3FAF40031B2C1 /* Frameworks */ = {
			isa = PBXFrameworksBuildPhase;
			buildActionMask = 2147483647;
			files = (
			);
			runOnlyForDeploymentPostprocessing = 0;
		};
/* End PBXFrameworksBuildPhase section */

/* Begin PBXGroup section */
		69526AA919B3FAF40031B2C1 = {
			isa = PBXGroup;
			children = (
				69526AB419B3FAF40031B2C1 /* Unit 2 X Code test */,
				69526AB319B3FAF40031B2C1 /* Products */,
			);
			sourceTree = "<group>";
		};
		69526AB319B3FAF40031B2C1 /* Products */ = {
			isa = PBXGroup;
			children = (
				69526AB219B3FAF40031B2C1 /* Unit 2 X Code test */,
			);
			name = Products;
			sourceTree = "<group>";
		};
		69526AB419B3FAF40031B2C1 /* Unit 2 X Code test */ = {
			isa = PBXGroup;
			children = (
				69526AB519B3FAF40031B2C1 /* main.swift */,
				69526ABC19B3FB8D0031B2C1 /* CarFactory.swift */,
			);
			path = "Unit 2 X Code test";
			sourceTree = "<group>";
		};
/* End PBXGroup section */

/* Begin PBXNativeTarget section */
		69526AB119B3FAF40031B2C1 /* Unit 2 X Code test */ = {
			isa = PBXNativeTarget;
			buildConfigurationList = 69526AB919B3FAF40031B2C1 /* Build configuration list for PBXNativeTarget "Unit 2 X Code test" */;
			buildPhases = (
				69526AAE19B3FAF40031B2C1 /* Sources */,
				69526AAF19B3FAF40031B2C1 /* Frameworks */,
				69526AB019B3FAF40031B2C1 /* CopyFiles */,
			);
			buildRules = (
			);
			dependencies = (
			);
			name = "Unit 2 X Code test";
			productName = "Unit 2 X Code test";
			productReference = 69526AB219B3FAF40031B2C1 /* Unit 2 X Code test */;
			productType = "com.apple.product-type.tool";
		};
/* End PBXNativeTarget section */

/* Begin PBXProject section */
		69526AAA19B3FAF40031B2C1 /* Project object */ = {
			isa = PBXProject;
			attributes = {
				LastUpgradeCheck = 0600;
				ORGANIZATIONNAME = Kokley;
				TargetAttributes = {
					69526AB119B3FAF40031B2C1 = {
						CreatedOnToolsVersion = 6.0;
					};
				};
			};
			buildConfigurationList = 69526AAD19B3FAF40031B2C1 /* Build configuration list for PBXProject "Unit 2 X Code test" */;
			compatibilityVersion = "Xcode 3.2";
			developmentRegion = English;
			hasScannedForEncodings = 0;
			knownRegions = (
				en,
			);
			mainGroup = 69526AA919B3FAF40031B2C1;
			productRefGroup = 69526AB319B3FAF40031B2C1 /* Products */;
			projectDirPath = "";
			projectRoot = "";
			targets = (
				69526AB119B3FAF40031B2C1 /* Unit 2 X Code test */,
			);
		};
/* End PBXProject section */

/* Begin PBXSourcesBuildPhase section */
		69526AAE19B3FAF40031B2C1 /* Sources */ = {
			isa = PBXSourcesBuildPhase;
			buildActionMask = 2147483647;
			files = (
				69526AB619B3FAF40031B2C1 /* main.swift in Sources */,
				69526ABD19B3FB8D0031B2C1 /* CarFactory.swift in Sources */,
			);
			runOnlyForDeploymentPostprocessing = 0;
		};
/* End PBXSourcesBuildPhase section */

/* Begin XCBuildConfiguration section */
		69526AB719B3FAF40031B2C1 /* Debug */ = {
			isa = XCBuildConfiguration;
			buildSettings = {
				ALWAYS_SEARCH_USER_PATHS = NO;
				CLANG_CXX_LANGUAGE_STANDARD = "gnu++0x";
				CLANG_CXX_LIBRARY = "libc++";
				CLANG_ENABLE_MODULES = YES;
				CLANG_ENABLE_OBJC_ARC = YES;
				CLANG_WARN_BOOL_CONVERSION = YES;
				CLANG_WARN_CONSTANT_CONVERSION = YES;
				CLANG_WARN_DIRECT_OBJC_ISA_USAGE = YES_ERROR;
				CLANG_WARN_EMPTY_BODY = YES;
				CLANG_WARN_ENUM_CONVERSION = YES;
				CLANG_WARN_INT_CONVERSION = YES;
				CLANG_WARN_OBJC_ROOT_CLASS = YES_ERROR;
				CLANG_WARN_UNREACHABLE_CODE = YES;
				CLANG_WARN__DUPLICATE_METHOD_MATCH = YES;
				COPY_PHASE_STRIP = NO;
				ENABLE_STRICT_OBJC_MSGSEND = YES;
				GCC_C_LANGUAGE_STANDARD = gnu99;
				GCC_DYNAMIC_NO_PIC = NO;
				GCC_OPTIMIZATION_LEVEL = 0;
				GCC_PREPROCESSOR_DEFINITIONS = (
					"DEBUG=1",
					"$(inherited)",
				);
				GCC_SYMBOLS_PRIVATE_EXTERN = NO;
				GCC_WARN_64_TO_32_BIT_CONVERSION = YES;
				GCC_WARN_ABOUT_RETURN_TYPE = YES_ERROR;
				GCC_WARN_UNDECLARED_SELECTOR = YES;
				GCC_WARN_UNINITIALIZED_AUTOS = YES_AGGRESSIVE;
				GCC_WARN_UNUSED_FUNCTION = YES;
				GCC_WARN_UNUSED_VARIABLE = YES;
				MACOSX_DEPLOYMENT_TARGET = 10.10;
				MTL_ENABLE_DEBUG_INFO = YES;
				ONLY_ACTIVE_ARCH = YES;
				SDKROOT = macosx;
				SWIFT_OPTIMIZATION_LEVEL = "-Onone";
			};
			name = Debug;
		};
		69526AB819B3FAF40031B2C1 /* Release */ = {
			isa = XCBuildConfiguration;
			buildSettings = {
				ALWAYS_SEARCH_USER_PATHS = NO;
				CLANG_CXX_LANGUAGE_STANDARD = "gnu++0x";
				CLANG_CXX_LIBRARY = "libc++";
				CLANG_ENABLE_MODULES = YES;
				CLANG_ENABLE_OBJC_ARC = YES;
				CLANG_WARN_BOOL_CONVERSION = YES;
				CLANG_WARN_CONSTANT_CONVERSION = YES;
				CLANG_WARN_DIRECT_OBJC_ISA_USAGE = YES_ERROR;
				CLANG_WARN_EMPTY_BODY = YES;
				CLANG_WARN_ENUM_CONVERSION = YES;
				CLANG_WARN_INT_CONVERSION = YES;
				CLANG_WARN_OBJC_ROOT_CLASS = YES_ERROR;
				CLANG_WARN_UNREACHABLE_CODE = YES;
				CLANG_WARN__DUPLICATE_METHOD_MATCH = YES;
				COPY_PHASE_STRIP = YES;
				DEBUG_INFORMATION_FORMAT = "dwarf-with-dsym";
				ENABLE_NS_ASSERTIONS = NO;
				ENABLE_STRICT_OBJC_MSGSEND = YES;
				GCC_C_LANGUAGE_STANDARD = gnu99;
				GCC_WARN_64_TO_32_BIT_CONVERSION = YES;
				GCC_WARN_ABOUT_RETURN_TYPE = YES_ERROR;
				GCC_WARN_UNDECLARED_SELECTOR = YES;
				GCC_WARN_UNINITIALIZED_AUTOS = YES_AGGRESSIVE;
				GCC_WARN_UNUSED_FUNCTION = YES;
				GCC_WARN_UNUSED_VARIABLE = YES;
				MACOSX_DEPLOYMENT_TARGET = 10.10;
				MTL_ENABLE_DEBUG_INFO = NO;
				SDKROOT = macosx;
			};
			name = Release;
		};
		69526ABA19B3FAF40031B2C1 /* Debug */ = {
			isa = XCBuildConfiguration;
			buildSettings = {
				PRODUCT_NAME = "$(TARGET_NAME)";
			};
			name = Debug;
		};
		69526ABB19B3FAF40031B2C1 /* Release */ = {
			isa = XCBuildConfiguration;
			buildSettings = {
				PRODUCT_NAME = "$(TARGET_NAME)";
			};
			name = Release;
		};
/* End XCBuildConfiguration section */

/* Begin XCConfigurationList section */
		69526AAD19B3FAF40031B2C1 /* Build configuration list for PBXProject "Unit 2 X Code test" */ = {
			isa = XCConfigurationList;
			buildConfigurations = (
				69526AB719B3FAF40031B2C1 /* Debug */,
				69526AB819B3FAF40031B2C1 /* Release */,
			);
			defaultConfigurationIsVisible = 0;
			defaultConfigurationName = Release;
		};
		69526AB919B3FAF40031B2C1 /* Build configuration list for PBXNativeTarget "Unit 2 X Code test" */ = {
			isa = XCConfigurationList;
			buildConfigurations = (
				69526ABA19B3FAF40031B2C1 /* Debug */,
				69526ABB19B3FAF40031B2C1 /* Release */,
			);
			defaultConfigurationIsVisible = 0;
		};
/* End XCConfigurationList section */
	};
	rootObject = 69526AAA19B3FAF40031B2C1 /* Project object */;
}
